// !$*UTF8*$!
{
	archiveVersion = 1;
	classes = {
	};
	objectVersion = 56;
	objects = {

/* Begin PBXBuildFile section */
		AC15538629ED77B0003C2196 /* TextFieldEffects in Frameworks */ = {isa = PBXBuildFile; productRef = AC15538529ED77B0003C2196 /* TextFieldEffects */; };
		AC2C7F0D29EBB9A4001D0B91 /* Register.swift in Sources */ = {isa = PBXBuildFile; fileRef = AC2C7F0C29EBB9A4001D0B91 /* Register.swift */; };
		AC2C7F0F29EBBA6E001D0B91 /* RegisterManager.swift in Sources */ = {isa = PBXBuildFile; fileRef = AC2C7F0E29EBBA6E001D0B91 /* RegisterManager.swift */; };
		AC30028329E2DACA0054E216 /* AppDelegate.swift in Sources */ = {isa = PBXBuildFile; fileRef = AC30028229E2DACA0054E216 /* AppDelegate.swift */; };
		AC30028529E2DACA0054E216 /* SceneDelegate.swift in Sources */ = {isa = PBXBuildFile; fileRef = AC30028429E2DACA0054E216 /* SceneDelegate.swift */; };
		AC30028729E2DACA0054E216 /* EntryViewController.swift in Sources */ = {isa = PBXBuildFile; fileRef = AC30028629E2DACA0054E216 /* EntryViewController.swift */; };
		AC30028A29E2DACA0054E216 /* Main.storyboard in Resources */ = {isa = PBXBuildFile; fileRef = AC30028829E2DACA0054E216 /* Main.storyboard */; };
		AC30028C29E2DACB0054E216 /* Assets.xcassets in Resources */ = {isa = PBXBuildFile; fileRef = AC30028B29E2DACB0054E216 /* Assets.xcassets */; };
		AC30028F29E2DACB0054E216 /* LaunchScreen.storyboard in Resources */ = {isa = PBXBuildFile; fileRef = AC30028D29E2DACB0054E216 /* LaunchScreen.storyboard */; };
		AC33C40729E955D900CD49B7 /* ProjFont.swift in Sources */ = {isa = PBXBuildFile; fileRef = AC33C40629E955D900CD49B7 /* ProjFont.swift */; };
		AC33C40929E9577300CD49B7 /* ProjColor.swift in Sources */ = {isa = PBXBuildFile; fileRef = AC33C40829E9577300CD49B7 /* ProjColor.swift */; };
		AC33C40B29E95AD900CD49B7 /* ProjImage.swift in Sources */ = {isa = PBXBuildFile; fileRef = AC33C40A29E95AD900CD49B7 /* ProjImage.swift */; };
		AC33C40E29EA4FAF00CD49B7 /* SuccessAlertViewController.swift in Sources */ = {isa = PBXBuildFile; fileRef = AC33C40D29EA4FAF00CD49B7 /* SuccessAlertViewController.swift */; };
		AC33C41029EA527800CD49B7 /* SuccessAlertView.swift in Sources */ = {isa = PBXBuildFile; fileRef = AC33C40F29EA527800CD49B7 /* SuccessAlertView.swift */; };
		AC4F9D0129E2E78A005E72DC /* EntryView.swift in Sources */ = {isa = PBXBuildFile; fileRef = AC4F9D0029E2E78A005E72DC /* EntryView.swift */; };
		AC4F9D0529E2E81A005E72DC /* SnapKit in Frameworks */ = {isa = PBXBuildFile; productRef = AC4F9D0429E2E81A005E72DC /* SnapKit */; };
		AC4F9D0E29E2FAEE005E72DC /* Metropolis-SemiBold.otf in Resources */ = {isa = PBXBuildFile; fileRef = AC4F9D0D29E2FAEE005E72DC /* Metropolis-SemiBold.otf */; };
		AC4F9D1029E43904005E72DC /* SignUpViewController.swift in Sources */ = {isa = PBXBuildFile; fileRef = AC4F9D0F29E43904005E72DC /* SignUpViewController.swift */; };
		AC4F9D1229E44029005E72DC /* SignUpView.swift in Sources */ = {isa = PBXBuildFile; fileRef = AC4F9D1129E44029005E72DC /* SignUpView.swift */; };
		AC6B4C0C29EEBD9A000D35E2 /* UIViewController++.swift in Sources */ = {isa = PBXBuildFile; fileRef = AC6B4C0B29EEBD9A000D35E2 /* UIViewController++.swift */; };
		AC7115FE29E5A70E0022A13F /* LoginViewController.swift in Sources */ = {isa = PBXBuildFile; fileRef = AC7115FD29E5A70E0022A13F /* LoginViewController.swift */; };
		AC71160029E5A7EB0022A13F /* LoginView.swift in Sources */ = {isa = PBXBuildFile; fileRef = AC7115FF29E5A7EB0022A13F /* LoginView.swift */; };
		ACFA8F7C29F6A7E400F6381C /* HomeViewController.swift in Sources */ = {isa = PBXBuildFile; fileRef = ACFA8F7B29F6A7E400F6381C /* HomeViewController.swift */; };
		ACFA8F8229F6AF4D00F6381C /* HomeScrollView.swift in Sources */ = {isa = PBXBuildFile; fileRef = ACFA8F8129F6AF4D00F6381C /* HomeScrollView.swift */; };
		ACFA8F8429F6B0B400F6381C /* ProfileView.swift in Sources */ = {isa = PBXBuildFile; fileRef = ACFA8F8329F6B0B400F6381C /* ProfileView.swift */; };
/* End PBXBuildFile section */

/* Begin PBXFileReference section */
		AC2C7F0C29EBB9A4001D0B91 /* Register.swift */ = {isa = PBXFileReference; lastKnownFileType = sourcecode.swift; path = Register.swift; sourceTree = "<group>"; };
		AC2C7F0E29EBBA6E001D0B91 /* RegisterManager.swift */ = {isa = PBXFileReference; lastKnownFileType = sourcecode.swift; path = RegisterManager.swift; sourceTree = "<group>"; };
		AC30027F29E2DACA0054E216 /* Login_SpotifyUI.app */ = {isa = PBXFileReference; explicitFileType = wrapper.application; includeInIndex = 0; path = Login_SpotifyUI.app; sourceTree = BUILT_PRODUCTS_DIR; };
		AC30028229E2DACA0054E216 /* AppDelegate.swift */ = {isa = PBXFileReference; lastKnownFileType = sourcecode.swift; path = AppDelegate.swift; sourceTree = "<group>"; };
		AC30028429E2DACA0054E216 /* SceneDelegate.swift */ = {isa = PBXFileReference; lastKnownFileType = sourcecode.swift; path = SceneDelegate.swift; sourceTree = "<group>"; };
		AC30028629E2DACA0054E216 /* EntryViewController.swift */ = {isa = PBXFileReference; lastKnownFileType = sourcecode.swift; path = EntryViewController.swift; sourceTree = "<group>"; };
		AC30028929E2DACA0054E216 /* Base */ = {isa = PBXFileReference; lastKnownFileType = file.storyboard; name = Base; path = Base.lproj/Main.storyboard; sourceTree = "<group>"; };
		AC30028B29E2DACB0054E216 /* Assets.xcassets */ = {isa = PBXFileReference; lastKnownFileType = folder.assetcatalog; path = Assets.xcassets; sourceTree = "<group>"; };
		AC30028E29E2DACB0054E216 /* Base */ = {isa = PBXFileReference; lastKnownFileType = file.storyboard; name = Base; path = Base.lproj/LaunchScreen.storyboard; sourceTree = "<group>"; };
		AC30029029E2DACB0054E216 /* Info.plist */ = {isa = PBXFileReference; lastKnownFileType = text.plist.xml; path = Info.plist; sourceTree = "<group>"; };
		AC33C40629E955D900CD49B7 /* ProjFont.swift */ = {isa = PBXFileReference; lastKnownFileType = sourcecode.swift; path = ProjFont.swift; sourceTree = "<group>"; };
		AC33C40829E9577300CD49B7 /* ProjColor.swift */ = {isa = PBXFileReference; lastKnownFileType = sourcecode.swift; path = ProjColor.swift; sourceTree = "<group>"; };
		AC33C40A29E95AD900CD49B7 /* ProjImage.swift */ = {isa = PBXFileReference; lastKnownFileType = sourcecode.swift; path = ProjImage.swift; sourceTree = "<group>"; };
		AC33C40D29EA4FAF00CD49B7 /* SuccessAlertViewController.swift */ = {isa = PBXFileReference; lastKnownFileType = sourcecode.swift; path = SuccessAlertViewController.swift; sourceTree = "<group>"; };
		AC33C40F29EA527800CD49B7 /* SuccessAlertView.swift */ = {isa = PBXFileReference; lastKnownFileType = sourcecode.swift; path = SuccessAlertView.swift; sourceTree = "<group>"; };
		AC4F9D0029E2E78A005E72DC /* EntryView.swift */ = {isa = PBXFileReference; lastKnownFileType = sourcecode.swift; path = EntryView.swift; sourceTree = "<group>"; };
		AC4F9D0D29E2FAEE005E72DC /* Metropolis-SemiBold.otf */ = {isa = PBXFileReference; lastKnownFileType = file; path = "Metropolis-SemiBold.otf"; sourceTree = "<group>"; };
		AC4F9D0F29E43904005E72DC /* SignUpViewController.swift */ = {isa = PBXFileReference; lastKnownFileType = sourcecode.swift; path = SignUpViewController.swift; sourceTree = "<group>"; };
		AC4F9D1129E44029005E72DC /* SignUpView.swift */ = {isa = PBXFileReference; lastKnownFileType = sourcecode.swift; path = SignUpView.swift; sourceTree = "<group>"; };
		AC6B4C0B29EEBD9A000D35E2 /* UIViewController++.swift */ = {isa = PBXFileReference; lastKnownFileType = sourcecode.swift; path = "UIViewController++.swift"; sourceTree = "<group>"; };
		AC7115FD29E5A70E0022A13F /* LoginViewController.swift */ = {isa = PBXFileReference; lastKnownFileType = sourcecode.swift; path = LoginViewController.swift; sourceTree = "<group>"; };
		AC7115FF29E5A7EB0022A13F /* LoginView.swift */ = {isa = PBXFileReference; lastKnownFileType = sourcecode.swift; path = LoginView.swift; sourceTree = "<group>"; };
		ACFA8F7B29F6A7E400F6381C /* HomeViewController.swift */ = {isa = PBXFileReference; lastKnownFileType = sourcecode.swift; path = HomeViewController.swift; sourceTree = "<group>"; };
		ACFA8F8129F6AF4D00F6381C /* HomeScrollView.swift */ = {isa = PBXFileReference; lastKnownFileType = sourcecode.swift; path = HomeScrollView.swift; sourceTree = "<group>"; };
		ACFA8F8329F6B0B400F6381C /* ProfileView.swift */ = {isa = PBXFileReference; lastKnownFileType = sourcecode.swift; path = ProfileView.swift; sourceTree = "<group>"; };
/* End PBXFileReference section */

/* Begin PBXFrameworksBuildPhase section */
		AC30027C29E2DACA0054E216 /* Frameworks */ = {
			isa = PBXFrameworksBuildPhase;
			buildActionMask = 2147483647;
			files = (
				AC4F9D0529E2E81A005E72DC /* SnapKit in Frameworks */,
				AC15538629ED77B0003C2196 /* TextFieldEffects in Frameworks */,
			);
			runOnlyForDeploymentPostprocessing = 0;
		};
/* End PBXFrameworksBuildPhase section */

/* Begin PBXGroup section */
		AC2C7F0B29EBB958001D0B91 /* Model */ = {
			isa = PBXGroup;
			children = (
				AC2C7F0C29EBB9A4001D0B91 /* Register.swift */,
				AC2C7F0E29EBBA6E001D0B91 /* RegisterManager.swift */,
			);
			path = Model;
			sourceTree = "<group>";
		};
		AC30027629E2DACA0054E216 = {
			isa = PBXGroup;
			children = (
				AC30028129E2DACA0054E216 /* Login_SpotifyUI */,
				AC30028029E2DACA0054E216 /* Products */,
			);
			sourceTree = "<group>";
		};
		AC30028029E2DACA0054E216 /* Products */ = {
			isa = PBXGroup;
			children = (
				AC30027F29E2DACA0054E216 /* Login_SpotifyUI.app */,
			);
			name = Products;
			sourceTree = "<group>";
		};
		AC30028129E2DACA0054E216 /* Login_SpotifyUI */ = {
			isa = PBXGroup;
			children = (
				AC30028229E2DACA0054E216 /* AppDelegate.swift */,
				AC30028429E2DACA0054E216 /* SceneDelegate.swift */,
				AC2C7F0B29EBB958001D0B91 /* Model */,
				AC4F9CFF29E2E727005E72DC /* View */,
				AC4F9D0A29E2EFC5005E72DC /* Controller */,
				AC33C40529E9559900CD49B7 /* Constant */,
				AC4F9D0C29E2F777005E72DC /* Font */,
				AC6B4C0A29EEBD5F000D35E2 /* Extension */,
				AC30028829E2DACA0054E216 /* Main.storyboard */,
				AC30028B29E2DACB0054E216 /* Assets.xcassets */,
				AC30028D29E2DACB0054E216 /* LaunchScreen.storyboard */,
				AC30029029E2DACB0054E216 /* Info.plist */,
			);
			path = Login_SpotifyUI;
			sourceTree = "<group>";
		};
		AC33C40529E9559900CD49B7 /* Constant */ = {
			isa = PBXGroup;
			children = (
				AC33C40629E955D900CD49B7 /* ProjFont.swift */,
				AC33C40829E9577300CD49B7 /* ProjColor.swift */,
				AC33C40A29E95AD900CD49B7 /* ProjImage.swift */,
			);
			path = Constant;
			sourceTree = "<group>";
		};
		AC4F9CFF29E2E727005E72DC /* View */ = {
			isa = PBXGroup;
			children = (
				AC4F9D0029E2E78A005E72DC /* EntryView.swift */,
				AC4F9D1129E44029005E72DC /* SignUpView.swift */,
				AC7115FF29E5A7EB0022A13F /* LoginView.swift */,
				AC33C40F29EA527800CD49B7 /* SuccessAlertView.swift */,
				ACFA8F8129F6AF4D00F6381C /* HomeScrollView.swift */,
				ACFA8F8329F6B0B400F6381C /* ProfileView.swift */,
			);
			path = View;
			sourceTree = "<group>";
		};
		AC4F9D0A29E2EFC5005E72DC /* Controller */ = {
			isa = PBXGroup;
			children = (
				AC30028629E2DACA0054E216 /* EntryViewController.swift */,
				AC4F9D0F29E43904005E72DC /* SignUpViewController.swift */,
				AC7115FD29E5A70E0022A13F /* LoginViewController.swift */,
				ACFA8F7B29F6A7E400F6381C /* HomeViewController.swift */,
				AC33C40D29EA4FAF00CD49B7 /* SuccessAlertViewController.swift */,
			);
			path = Controller;
			sourceTree = "<group>";
		};
		AC4F9D0C29E2F777005E72DC /* Font */ = {
			isa = PBXGroup;
			children = (
				AC4F9D0D29E2FAEE005E72DC /* Metropolis-SemiBold.otf */,
			);
			path = Font;
			sourceTree = "<group>";
		};
		AC6B4C0A29EEBD5F000D35E2 /* Extension */ = {
			isa = PBXGroup;
			children = (
				AC6B4C0B29EEBD9A000D35E2 /* UIViewController++.swift */,
			);
			path = Extension;
			sourceTree = "<group>";
		};
/* End PBXGroup section */

/* Begin PBXNativeTarget section */
		AC30027E29E2DACA0054E216 /* Login_SpotifyUI */ = {
			isa = PBXNativeTarget;
			buildConfigurationList = AC30029329E2DACB0054E216 /* Build configuration list for PBXNativeTarget "Login_SpotifyUI" */;
			buildPhases = (
				AC30027B29E2DACA0054E216 /* Sources */,
				AC30027C29E2DACA0054E216 /* Frameworks */,
				AC30027D29E2DACA0054E216 /* Resources */,
			);
			buildRules = (
			);
			dependencies = (
			);
			name = Login_SpotifyUI;
			packageProductDependencies = (
				AC4F9D0429E2E81A005E72DC /* SnapKit */,
				AC15538529ED77B0003C2196 /* TextFieldEffects */,
			);
			productName = Login_SpotifyUI;
			productReference = AC30027F29E2DACA0054E216 /* Login_SpotifyUI.app */;
			productType = "com.apple.product-type.application";
		};
/* End PBXNativeTarget section */

/* Begin PBXProject section */
		AC30027729E2DACA0054E216 /* Project object */ = {
			isa = PBXProject;
			attributes = {
				BuildIndependentTargetsInParallel = 1;
				LastSwiftUpdateCheck = 1430;
				LastUpgradeCheck = 1430;
				TargetAttributes = {
					AC30027E29E2DACA0054E216 = {
						CreatedOnToolsVersion = 14.3;
					};
				};
			};
			buildConfigurationList = AC30027A29E2DACA0054E216 /* Build configuration list for PBXProject "Login_SpotifyUI" */;
			compatibilityVersion = "Xcode 14.0";
			developmentRegion = en;
			hasScannedForEncodings = 0;
			knownRegions = (
				en,
				Base,
			);
			mainGroup = AC30027629E2DACA0054E216;
			packageReferences = (
				AC4F9D0329E2E81A005E72DC /* XCRemoteSwiftPackageReference "SnapKit" */,
				AC15538429ED77B0003C2196 /* XCRemoteSwiftPackageReference "TextFieldEffects" */,
			);
			productRefGroup = AC30028029E2DACA0054E216 /* Products */;
			projectDirPath = "";
			projectRoot = "";
			targets = (
				AC30027E29E2DACA0054E216 /* Login_SpotifyUI */,
			);
		};
/* End PBXProject section */

/* Begin PBXResourcesBuildPhase section */
		AC30027D29E2DACA0054E216 /* Resources */ = {
			isa = PBXResourcesBuildPhase;
			buildActionMask = 2147483647;
			files = (
				AC4F9D0E29E2FAEE005E72DC /* Metropolis-SemiBold.otf in Resources */,
				AC30028F29E2DACB0054E216 /* LaunchScreen.storyboard in Resources */,
				AC30028C29E2DACB0054E216 /* Assets.xcassets in Resources */,
				AC30028A29E2DACA0054E216 /* Main.storyboard in Resources */,
			);
			runOnlyForDeploymentPostprocessing = 0;
		};
/* End PBXResourcesBuildPhase section */

/* Begin PBXSourcesBuildPhase section */
		AC30027B29E2DACA0054E216 /* Sources */ = {
			isa = PBXSourcesBuildPhase;
			buildActionMask = 2147483647;
			files = (
				AC7115FE29E5A70E0022A13F /* LoginViewController.swift in Sources */,
				AC30028729E2DACA0054E216 /* EntryViewController.swift in Sources */,
				AC33C40B29E95AD900CD49B7 /* ProjImage.swift in Sources */,
				ACFA8F7C29F6A7E400F6381C /* HomeViewController.swift in Sources */,
				AC33C41029EA527800CD49B7 /* SuccessAlertView.swift in Sources */,
				AC2C7F0D29EBB9A4001D0B91 /* Register.swift in Sources */,
				AC2C7F0F29EBBA6E001D0B91 /* RegisterManager.swift in Sources */,
				AC30028329E2DACA0054E216 /* AppDelegate.swift in Sources */,
				AC30028529E2DACA0054E216 /* SceneDelegate.swift in Sources */,
				AC33C40729E955D900CD49B7 /* ProjFont.swift in Sources */,
				AC33C40E29EA4FAF00CD49B7 /* SuccessAlertViewController.swift in Sources */,
				AC4F9D0129E2E78A005E72DC /* EntryView.swift in Sources */,
				AC6B4C0C29EEBD9A000D35E2 /* UIViewController++.swift in Sources */,
				AC4F9D1229E44029005E72DC /* SignUpView.swift in Sources */,
				ACFA8F8229F6AF4D00F6381C /* HomeScrollView.swift in Sources */,
				AC71160029E5A7EB0022A13F /* LoginView.swift in Sources */,
				ACFA8F8429F6B0B400F6381C /* ProfileView.swift in Sources */,
				AC33C40929E9577300CD49B7 /* ProjColor.swift in Sources */,
				AC4F9D1029E43904005E72DC /* SignUpViewController.swift in Sources */,
			);
			runOnlyForDeploymentPostprocessing = 0;
		};
/* End PBXSourcesBuildPhase section */

/* Begin PBXVariantGroup section */
		AC30028829E2DACA0054E216 /* Main.storyboard */ = {
			isa = PBXVariantGroup;
			children = (
				AC30028929E2DACA0054E216 /* Base */,
			);
			name = Main.storyboard;
			sourceTree = "<group>";
		};
		AC30028D29E2DACB0054E216 /* LaunchScreen.storyboard */ = {
			isa = PBXVariantGroup;
			children = (
				AC30028E29E2DACB0054E216 /* Base */,
			);
			name = LaunchScreen.storyboard;
			sourceTree = "<group>";
		};
/* End PBXVariantGroup section */

/* Begin XCBuildConfiguration section */
		AC30029129E2DACB0054E216 /* Debug */ = {
			isa = XCBuildConfiguration;
			buildSettings = {
				ALWAYS_SEARCH_USER_PATHS = NO;
				CLANG_ANALYZER_NONNULL = YES;
				CLANG_ANALYZER_NUMBER_OBJECT_CONVERSION = YES_AGGRESSIVE;
				CLANG_CXX_LANGUAGE_STANDARD = "gnu++20";
				CLANG_ENABLE_MODULES = YES;
				CLANG_ENABLE_OBJC_ARC = YES;
				CLANG_ENABLE_OBJC_WEAK = YES;
				CLANG_WARN_BLOCK_CAPTURE_AUTORELEASING = YES;
				CLANG_WARN_BOOL_CONVERSION = YES;
				CLANG_WARN_COMMA = YES;
				CLANG_WARN_CONSTANT_CONVERSION = YES;
				CLANG_WARN_DEPRECATED_OBJC_IMPLEMENTATIONS = YES;
				CLANG_WARN_DIRECT_OBJC_ISA_USAGE = YES_ERROR;
				CLANG_WARN_DOCUMENTATION_COMMENTS = YES;
				CLANG_WARN_EMPTY_BODY = YES;
				CLANG_WARN_ENUM_CONVERSION = YES;
				CLANG_WARN_INFINITE_RECURSION = YES;
				CLANG_WARN_INT_CONVERSION = YES;
				CLANG_WARN_NON_LITERAL_NULL_CONVERSION = YES;
				CLANG_WARN_OBJC_IMPLICIT_RETAIN_SELF = YES;
				CLANG_WARN_OBJC_LITERAL_CONVERSION = YES;
				CLANG_WARN_OBJC_ROOT_CLASS = YES_ERROR;
				CLANG_WARN_QUOTED_INCLUDE_IN_FRAMEWORK_HEADER = YES;
				CLANG_WARN_RANGE_LOOP_ANALYSIS = YES;
				CLANG_WARN_STRICT_PROTOTYPES = YES;
				CLANG_WARN_SUSPICIOUS_MOVE = YES;
				CLANG_WARN_UNGUARDED_AVAILABILITY = YES_AGGRESSIVE;
				CLANG_WARN_UNREACHABLE_CODE = YES;
				CLANG_WARN__DUPLICATE_METHOD_MATCH = YES;
				COPY_PHASE_STRIP = NO;
				DEBUG_INFORMATION_FORMAT = dwarf;
				ENABLE_STRICT_OBJC_MSGSEND = YES;
				ENABLE_TESTABILITY = YES;
				GCC_C_LANGUAGE_STANDARD = gnu11;
				GCC_DYNAMIC_NO_PIC = NO;
				GCC_NO_COMMON_BLOCKS = YES;
				GCC_OPTIMIZATION_LEVEL = 0;
				GCC_PREPROCESSOR_DEFINITIONS = (
					"DEBUG=1",
					"$(inherited)",
				);
				GCC_WARN_64_TO_32_BIT_CONVERSION = YES;
				GCC_WARN_ABOUT_RETURN_TYPE = YES_ERROR;
				GCC_WARN_UNDECLARED_SELECTOR = YES;
				GCC_WARN_UNINITIALIZED_AUTOS = YES_AGGRESSIVE;
				GCC_WARN_UNUSED_FUNCTION = YES;
				GCC_WARN_UNUSED_VARIABLE = YES;
				IPHONEOS_DEPLOYMENT_TARGET = 16.4;
				MTL_ENABLE_DEBUG_INFO = INCLUDE_SOURCE;
				MTL_FAST_MATH = YES;
				ONLY_ACTIVE_ARCH = YES;
				SDKROOT = iphoneos;
				SWIFT_ACTIVE_COMPILATION_CONDITIONS = DEBUG;
				SWIFT_OPTIMIZATION_LEVEL = "-Onone";
			};
			name = Debug;
		};
		AC30029229E2DACB0054E216 /* Release */ = {
			isa = XCBuildConfiguration;
			buildSettings = {
				ALWAYS_SEARCH_USER_PATHS = NO;
				CLANG_ANALYZER_NONNULL = YES;
				CLANG_ANALYZER_NUMBER_OBJECT_CONVERSION = YES_AGGRESSIVE;
				CLANG_CXX_LANGUAGE_STANDARD = "gnu++20";
				CLANG_ENABLE_MODULES = YES;
				CLANG_ENABLE_OBJC_ARC = YES;
				CLANG_ENABLE_OBJC_WEAK = YES;
				CLANG_WARN_BLOCK_CAPTURE_AUTORELEASING = YES;
				CLANG_WARN_BOOL_CONVERSION = YES;
				CLANG_WARN_COMMA = YES;
				CLANG_WARN_CONSTANT_CONVERSION = YES;
				CLANG_WARN_DEPRECATED_OBJC_IMPLEMENTATIONS = YES;
				CLANG_WARN_DIRECT_OBJC_ISA_USAGE = YES_ERROR;
				CLANG_WARN_DOCUMENTATION_COMMENTS = YES;
				CLANG_WARN_EMPTY_BODY = YES;
				CLANG_WARN_ENUM_CONVERSION = YES;
				CLANG_WARN_INFINITE_RECURSION = YES;
				CLANG_WARN_INT_CONVERSION = YES;
				CLANG_WARN_NON_LITERAL_NULL_CONVERSION = YES;
				CLANG_WARN_OBJC_IMPLICIT_RETAIN_SELF = YES;
				CLANG_WARN_OBJC_LITERAL_CONVERSION = YES;
				CLANG_WARN_OBJC_ROOT_CLASS = YES_ERROR;
				CLANG_WARN_QUOTED_INCLUDE_IN_FRAMEWORK_HEADER = YES;
				CLANG_WARN_RANGE_LOOP_ANALYSIS = YES;
				CLANG_WARN_STRICT_PROTOTYPES = YES;
				CLANG_WARN_SUSPICIOUS_MOVE = YES;
				CLANG_WARN_UNGUARDED_AVAILABILITY = YES_AGGRESSIVE;
				CLANG_WARN_UNREACHABLE_CODE = YES;
				CLANG_WARN__DUPLICATE_METHOD_MATCH = YES;
				COPY_PHASE_STRIP = NO;
				DEBUG_INFORMATION_FORMAT = "dwarf-with-dsym";
				ENABLE_NS_ASSERTIONS = NO;
				ENABLE_STRICT_OBJC_MSGSEND = YES;
				GCC_C_LANGUAGE_STANDARD = gnu11;
				GCC_NO_COMMON_BLOCKS = YES;
				GCC_WARN_64_TO_32_BIT_CONVERSION = YES;
				GCC_WARN_ABOUT_RETURN_TYPE = YES_ERROR;
				GCC_WARN_UNDECLARED_SELECTOR = YES;
				GCC_WARN_UNINITIALIZED_AUTOS = YES_AGGRESSIVE;
				GCC_WARN_UNUSED_FUNCTION = YES;
				GCC_WARN_UNUSED_VARIABLE = YES;
				IPHONEOS_DEPLOYMENT_TARGET = 16.4;
				MTL_ENABLE_DEBUG_INFO = NO;
				MTL_FAST_MATH = YES;
				SDKROOT = iphoneos;
				SWIFT_COMPILATION_MODE = wholemodule;
				SWIFT_OPTIMIZATION_LEVEL = "-O";
				VALIDATE_PRODUCT = YES;
			};
			name = Release;
		};
		AC30029429E2DACB0054E216 /* Debug */ = {
			isa = XCBuildConfiguration;
			buildSettings = {
				ASSETCATALOG_COMPILER_APPICON_NAME = AppIcon;
				ASSETCATALOG_COMPILER_GLOBAL_ACCENT_COLOR_NAME = AccentColor;
				CODE_SIGN_STYLE = Automatic;
				CURRENT_PROJECT_VERSION = 1;
				DEVELOPMENT_TEAM = 92Y6UC7Q5M;
				GENERATE_INFOPLIST_FILE = YES;
				INFOPLIST_FILE = Login_SpotifyUI/Info.plist;
				INFOPLIST_KEY_UIApplicationSupportsIndirectInputEvents = YES;
				INFOPLIST_KEY_UILaunchStoryboardName = LaunchScreen;
				INFOPLIST_KEY_UISupportedInterfaceOrientations_iPad = "UIInterfaceOrientationPortrait UIInterfaceOrientationPortraitUpsideDown UIInterfaceOrientationLandscapeLeft UIInterfaceOrientationLandscapeRight";
				INFOPLIST_KEY_UISupportedInterfaceOrientations_iPhone = "UIInterfaceOrientationPortrait UIInterfaceOrientationLandscapeLeft UIInterfaceOrientationLandscapeRight";
				IPHONEOS_DEPLOYMENT_TARGET = 14.3;
				LD_RUNPATH_SEARCH_PATHS = (
					"$(inherited)",
					"@executable_path/Frameworks",
				);
				MARKETING_VERSION = 1.0;
				PRODUCT_BUNDLE_IDENTIFIER = "donotinto.Login-SpotifyUI";
				PRODUCT_NAME = "$(TARGET_NAME)";
				SWIFT_EMIT_LOC_STRINGS = YES;
				SWIFT_VERSION = 5.0;
				TARGETED_DEVICE_FAMILY = "1,2";
			};
			name = Debug;
		};
		AC30029529E2DACB0054E216 /* Release */ = {
			isa = XCBuildConfiguration;
			buildSettings = {
				ASSETCATALOG_COMPILER_APPICON_NAME = AppIcon;
				ASSETCATALOG_COMPILER_GLOBAL_ACCENT_COLOR_NAME = AccentColor;
				CODE_SIGN_STYLE = Automatic;
				CURRENT_PROJECT_VERSION = 1;
				DEVELOPMENT_TEAM = 92Y6UC7Q5M;
				GENERATE_INFOPLIST_FILE = YES;
				INFOPLIST_FILE = Login_SpotifyUI/Info.plist;
				INFOPLIST_KEY_UIApplicationSupportsIndirectInputEvents = YES;
				INFOPLIST_KEY_UILaunchStoryboardName = LaunchScreen;
				INFOPLIST_KEY_UISupportedInterfaceOrientations_iPad = "UIInterfaceOrientationPortrait UIInterfaceOrientationPortraitUpsideDown UIInterfaceOrientationLandscapeLeft UIInterfaceOrientationLandscapeRight";
				INFOPLIST_KEY_UISupportedInterfaceOrientations_iPhone = "UIInterfaceOrientationPortrait UIInterfaceOrientationLandscapeLeft UIInterfaceOrientationLandscapeRight";
				IPHONEOS_DEPLOYMENT_TARGET = 14.3;
				LD_RUNPATH_SEARCH_PATHS = (
					"$(inherited)",
					"@executable_path/Frameworks",
				);
				MARKETING_VERSION = 1.0;
				PRODUCT_BUNDLE_IDENTIFIER = "donotinto.Login-SpotifyUI";
				PRODUCT_NAME = "$(TARGET_NAME)";
				SWIFT_EMIT_LOC_STRINGS = YES;
				SWIFT_VERSION = 5.0;
				TARGETED_DEVICE_FAMILY = "1,2";
			};
			name = Release;
		};
/* End XCBuildConfiguration section */

/* Begin XCConfigurationList section */
		AC30027A29E2DACA0054E216 /* Build configuration list for PBXProject "Login_SpotifyUI" */ = {
			isa = XCConfigurationList;
			buildConfigurations = (
				AC30029129E2DACB0054E216 /* Debug */,
				AC30029229E2DACB0054E216 /* Release */,
			);
			defaultConfigurationIsVisible = 0;
			defaultConfigurationName = Release;
		};
		AC30029329E2DACB0054E216 /* Build configuration list for PBXNativeTarget "Login_SpotifyUI" */ = {
			isa = XCConfigurationList;
			buildConfigurations = (
				AC30029429E2DACB0054E216 /* Debug */,
				AC30029529E2DACB0054E216 /* Release */,
			);
			defaultConfigurationIsVisible = 0;
			defaultConfigurationName = Release;
		};
/* End XCConfigurationList section */

/* Begin XCRemoteSwiftPackageReference section */
		AC15538429ED77B0003C2196 /* XCRemoteSwiftPackageReference "TextFieldEffects" */ = {
			isa = XCRemoteSwiftPackageReference;
			repositoryURL = "https://github.com/raulriera/TextFieldEffects";
			requirement = {
				kind = upToNextMajorVersion;
				minimumVersion = 1.0.0;
			};
		};
		AC4F9D0329E2E81A005E72DC /* XCRemoteSwiftPackageReference "SnapKit" */ = {
			isa = XCRemoteSwiftPackageReference;
			repositoryURL = "https://github.com/SnapKit/SnapKit.git";
			requirement = {
				kind = upToNextMajorVersion;
				minimumVersion = 5.0.0;
			};
		};
/* End XCRemoteSwiftPackageReference section */

/* Begin XCSwiftPackageProductDependency section */
		AC15538529ED77B0003C2196 /* TextFieldEffects */ = {
			isa = XCSwiftPackageProductDependency;
			package = AC15538429ED77B0003C2196 /* XCRemoteSwiftPackageReference "TextFieldEffects" */;
			productName = TextFieldEffects;
		};
		AC4F9D0429E2E81A005E72DC /* SnapKit */ = {
			isa = XCSwiftPackageProductDependency;
			package = AC4F9D0329E2E81A005E72DC /* XCRemoteSwiftPackageReference "SnapKit" */;
			productName = SnapKit;
		};
/* End XCSwiftPackageProductDependency section */
	};
	rootObject = AC30027729E2DACA0054E216 /* Project object */;
}
